
Microsoft Visual Studio Solution File, Format Version 12.00
Project("{FAE04EC0-301F-11D3-BF4B-00C04F79EFBC}") = "IntersectionOfLinkedLists", "IntersectionOfLinkedLists\IntersectionOfLinkedLists.csproj", "{698A1B86-F822-484E-84DE-E80DE129E999}"
EndProject
Global
	GlobalSection(SolutionConfigurationPlatforms) = preSolution
		Debug|Any CPU = Debug|Any CPU
		Release|Any CPU = Release|Any CPU
	EndGlobalSection
	GlobalSection(ProjectConfigurationPlatforms) = postSolution
		{698A1B86-F822-484E-84DE-E80DE129E999}.Debug|Any CPU.ActiveCfg = Debug|Any CPU
		{698A1B86-F822-484E-84DE-E80DE129E999}.Debug|Any CPU.Build.0 = Debug|Any CPU
		{698A1B86-F822-484E-84DE-E80DE129E999}.Release|Any CPU.ActiveCfg = Release|Any CPU
		{698A1B86-F822-484E-84DE-E80DE129E999}.Release|Any CPU.Build.0 = Release|Any CPU
	EndGlobalSection
EndGlobal
